
Microsoft Visual Studio Solution File, Format Version 12.00
# Visual Studio Version 16
VisualStudioVersion = 16.0.30503.244
MinimumVisualStudioVersion = 10.0.40219.1
Project("{9A19103F-16F7-4668-BE54-9A1E7A4F7556}") = "Async.Test", "Async.Test\Async.Test.csproj", "{47F47B26-8C5F-47BD-98EA-342F3420258D}"
EndProject
Project("{9A19103F-16F7-4668-BE54-9A1E7A4F7556}") = "DependencyInjection.Test", "DependencyInjection.Test\DependencyInjection.Test.csproj", "{39B7C274-E810-4FE8-AB33-45A8A6F532CE}"
EndProject
Global
	GlobalSection(SolutionConfigurationPlatforms) = preSolution
		Debug|Any CPU = Debug|Any CPU
		Release|Any CPU = Release|Any CPU
	EndGlobalSection
	GlobalSection(ProjectConfigurationPlatforms) = postSolution
		{47F47B26-8C5F-47BD-98EA-342F3420258D}.Debug|Any CPU.ActiveCfg = Debug|Any CPU
		{47F47B26-8C5F-47BD-98EA-342F3420258D}.Debug|Any CPU.Build.0 = Debug|Any CPU
		{47F47B26-8C5F-47BD-98EA-342F3420258D}.Release|Any CPU.ActiveCfg = Release|Any CPU
		{47F47B26-8C5F-47BD-98EA-342F3420258D}.Release|Any CPU.Build.0 = Release|Any CPU
		{39B7C274-E810-4FE8-AB33-45A8A6F532CE}.Debug|Any CPU.ActiveCfg = Debug|Any CPU
		{39B7C274-E810-4FE8-AB33-45A8A6F532CE}.Debug|Any CPU.Build.0 = Debug|Any CPU
		{39B7C274-E810-4FE8-AB33-45A8A6F532CE}.Release|Any CPU.ActiveCfg = Release|Any CPU
		{39B7C274-E810-4FE8-AB33-45A8A6F532CE}.Release|Any CPU.Build.0 = Release|Any CPU
	EndGlobalSection
	GlobalSection(SolutionProperties) = preSolution
		HideSolutionNode = FALSE
	EndGlobalSection
	GlobalSection(ExtensibilityGlobals) = postSolution
		SolutionGuid = {1ED810CC-6B25-48C4-8022-BA4C9B4218B2}
	EndGlobalSection
EndGlobal
